
Microsoft Visual Studio Solution File, Format Version 12.00
# Visual Studio 14
VisualStudioVersion = 14.0.25420.1
MinimumVisualStudioVersion = 10.0.40219.1
Project("{FAE04EC0-301F-11D3-BF4B-00C04F79EFBC}") = "WebUI", "WebUI\WebUI.csproj", "{8779C60D-FE75-438D-8D52-199A511BB0C1}"
EndProject
Project("{2150E333-8FDC-42A3-9474-1A3956D46DE8}") = "DAL", "DAL", "{C8A2EFBF-A4B5-45A8-A80E-E714763B28B0}"
EndProject
Project("{FAE04EC0-301F-11D3-BF4B-00C04F79EFBC}") = "DataAccessLayer", "DataAccessLayer\DataAccessLayer.csproj", "{5E2B2501-A9CD-4D39-823D-E20C5F360D59}"
EndProject
Project("{FAE04EC0-301F-11D3-BF4B-00C04F79EFBC}") = "DataAccessLayer.Models", "DataAccessLayer.Models\DataAccessLayer.Models.csproj", "{3271380C-69FA-4A2A-97D7-739041A87C55}"
EndProject
Project("{2150E333-8FDC-42A3-9474-1A3956D46DE8}") = "BL", "BL", "{D473ED16-8BC5-4571-B2C0-963DC2AEA9E1}"
EndProject
Project("{FAE04EC0-301F-11D3-BF4B-00C04F79EFBC}") = "BusinessLogic.Managers", "BusinessLogic.Managers\BusinessLogic.Managers.csproj", "{D3EBA1D9-6A5E-4113-99A8-902FC959E276}"
EndProject
Project("{FAE04EC0-301F-11D3-BF4B-00C04F79EFBC}") = "BusinessLogic.Abstraction", "BusinessLogic.Abstraction\BusinessLogic.Abstraction.csproj", "{CEA35CF4-52B3-4B5C-9BA2-4DC277D02E69}"
EndProject
Project("{FAE04EC0-301F-11D3-BF4B-00C04F79EFBC}") = "BusinessLogic.Dtos", "BusinessLogic.Dtos\BusinessLogic.Dtos.csproj", "{C7E6CE50-C945-4531-B77E-4129B84D7F68}"
EndProject
Project("{2150E333-8FDC-42A3-9474-1A3956D46DE8}") = "Common", "Common", "{86BE8AA1-CB76-44C5-B80B-5F2A0CEF8DF7}"
EndProject
Project("{FAE04EC0-301F-11D3-BF4B-00C04F79EFBC}") = "Common.Constants", "Common.Constants\Common.Constants.csproj", "{D2307151-3794-4704-900A-909D15EEA003}"
EndProject
Global
	GlobalSection(SolutionConfigurationPlatforms) = preSolution
		Debug|Any CPU = Debug|Any CPU
		Release|Any CPU = Release|Any CPU
	EndGlobalSection
	GlobalSection(ProjectConfigurationPlatforms) = postSolution
		{8779C60D-FE75-438D-8D52-199A511BB0C1}.Debug|Any CPU.ActiveCfg = Debug|Any CPU
		{8779C60D-FE75-438D-8D52-199A511BB0C1}.Debug|Any CPU.Build.0 = Debug|Any CPU
		{8779C60D-FE75-438D-8D52-199A511BB0C1}.Release|Any CPU.ActiveCfg = Release|Any CPU
		{8779C60D-FE75-438D-8D52-199A511BB0C1}.Release|Any CPU.Build.0 = Release|Any CPU
		{5E2B2501-A9CD-4D39-823D-E20C5F360D59}.Debug|Any CPU.ActiveCfg = Debug|Any CPU
		{5E2B2501-A9CD-4D39-823D-E20C5F360D59}.Debug|Any CPU.Build.0 = Debug|Any CPU
		{5E2B2501-A9CD-4D39-823D-E20C5F360D59}.Release|Any CPU.ActiveCfg = Release|Any CPU
		{5E2B2501-A9CD-4D39-823D-E20C5F360D59}.Release|Any CPU.Build.0 = Release|Any CPU
		{3271380C-69FA-4A2A-97D7-739041A87C55}.Debug|Any CPU.ActiveCfg = Debug|Any CPU
		{3271380C-69FA-4A2A-97D7-739041A87C55}.Debug|Any CPU.Build.0 = Debug|Any CPU
		{3271380C-69FA-4A2A-97D7-739041A87C55}.Release|Any CPU.ActiveCfg = Release|Any CPU
		{3271380C-69FA-4A2A-97D7-739041A87C55}.Release|Any CPU.Build.0 = Release|Any CPU
		{D3EBA1D9-6A5E-4113-99A8-902FC959E276}.Debug|Any CPU.ActiveCfg = Debug|Any CPU
		{D3EBA1D9-6A5E-4113-99A8-902FC959E276}.Debug|Any CPU.Build.0 = Debug|Any CPU
		{D3EBA1D9-6A5E-4113-99A8-902FC959E276}.Release|Any CPU.ActiveCfg = Release|Any CPU
		{D3EBA1D9-6A5E-4113-99A8-902FC959E276}.Release|Any CPU.Build.0 = Release|Any CPU
		{CEA35CF4-52B3-4B5C-9BA2-4DC277D02E69}.Debug|Any CPU.ActiveCfg = Debug|Any CPU
		{CEA35CF4-52B3-4B5C-9BA2-4DC277D02E69}.Debug|Any CPU.Build.0 = Debug|Any CPU
		{CEA35CF4-52B3-4B5C-9BA2-4DC277D02E69}.Release|Any CPU.ActiveCfg = Release|Any CPU
		{CEA35CF4-52B3-4B5C-9BA2-4DC277D02E69}.Release|Any CPU.Build.0 = Release|Any CPU
		{C7E6CE50-C945-4531-B77E-4129B84D7F68}.Debug|Any CPU.ActiveCfg = Debug|Any CPU
		{C7E6CE50-C945-4531-B77E-4129B84D7F68}.Debug|Any CPU.Build.0 = Debug|Any CPU
		{C7E6CE50-C945-4531-B77E-4129B84D7F68}.Release|Any CPU.ActiveCfg = Release|Any CPU
		{C7E6CE50-C945-4531-B77E-4129B84D7F68}.Release|Any CPU.Build.0 = Release|Any CPU
		{D2307151-3794-4704-900A-909D15EEA003}.Debug|Any CPU.ActiveCfg = Debug|Any CPU
		{D2307151-3794-4704-900A-909D15EEA003}.Debug|Any CPU.Build.0 = Debug|Any CPU
		{D2307151-3794-4704-900A-909D15EEA003}.Release|Any CPU.ActiveCfg = Release|Any CPU
		{D2307151-3794-4704-900A-909D15EEA003}.Release|Any CPU.Build.0 = Release|Any CPU
	EndGlobalSection
	GlobalSection(SolutionProperties) = preSolution
		HideSolutionNode = FALSE
	EndGlobalSection
	GlobalSection(NestedProjects) = preSolution
		{5E2B2501-A9CD-4D39-823D-E20C5F360D59} = {C8A2EFBF-A4B5-45A8-A80E-E714763B28B0}
		{3271380C-69FA-4A2A-97D7-739041A87C55} = {C8A2EFBF-A4B5-45A8-A80E-E714763B28B0}
		{D3EBA1D9-6A5E-4113-99A8-902FC959E276} = {D473ED16-8BC5-4571-B2C0-963DC2AEA9E1}
		{CEA35CF4-52B3-4B5C-9BA2-4DC277D02E69} = {D473ED16-8BC5-4571-B2C0-963DC2AEA9E1}
		{C7E6CE50-C945-4531-B77E-4129B84D7F68} = {D473ED16-8BC5-4571-B2C0-963DC2AEA9E1}
		{D2307151-3794-4704-900A-909D15EEA003} = {86BE8AA1-CB76-44C5-B80B-5F2A0CEF8DF7}
	EndGlobalSection
EndGlobal
