
Microsoft Visual Studio Solution File, Format Version 12.00
# Visual Studio 14
VisualStudioVersion = 14.0.25420.1
MinimumVisualStudioVersion = 10.0.40219.1
Project("{FAE04EC0-301F-11D3-BF4B-00C04F79EFBC}") = "WebUI", "WebUI\WebUI.csproj", "{8779C60D-FE75-438D-8D52-199A511BB0C1}"
EndProject
Project("{2150E333-8FDC-42A3-9474-1A3956D46DE8}") = "DAL", "DAL", "{C8A2EFBF-A4B5-45A8-A80E-E714763B28B0}"
EndProject
Project("{FAE04EC0-301F-11D3-BF4B-00C04F79EFBC}") = "DataAccessLayer", "DataAccessLayer\DataAccessLayer.csproj", "{5E2B2501-A9CD-4D39-823D-E20C5F360D59}"
EndProject
Project("{FAE04EC0-301F-11D3-BF4B-00C04F79EFBC}") = "DataAccessLayer.Models", "DataAccessLayer.Models\DataAccessLayer.Models.csproj", "{3271380C-69FA-4A2A-97D7-739041A87C55}"
EndProject
Global
	GlobalSection(SolutionConfigurationPlatforms) = preSolution
		Debug|Any CPU = Debug|Any CPU
		Release|Any CPU = Release|Any CPU
	EndGlobalSection
	GlobalSection(ProjectConfigurationPlatforms) = postSolution
		{8779C60D-FE75-438D-8D52-199A511BB0C1}.Debug|Any CPU.ActiveCfg = Debug|Any CPU
		{8779C60D-FE75-438D-8D52-199A511BB0C1}.Debug|Any CPU.Build.0 = Debug|Any CPU
		{8779C60D-FE75-438D-8D52-199A511BB0C1}.Release|Any CPU.ActiveCfg = Release|Any CPU
		{8779C60D-FE75-438D-8D52-199A511BB0C1}.Release|Any CPU.Build.0 = Release|Any CPU
		{5E2B2501-A9CD-4D39-823D-E20C5F360D59}.Debug|Any CPU.ActiveCfg = Debug|Any CPU
		{5E2B2501-A9CD-4D39-823D-E20C5F360D59}.Debug|Any CPU.Build.0 = Debug|Any CPU
		{5E2B2501-A9CD-4D39-823D-E20C5F360D59}.Release|Any CPU.ActiveCfg = Release|Any CPU
		{5E2B2501-A9CD-4D39-823D-E20C5F360D59}.Release|Any CPU.Build.0 = Release|Any CPU
		{3271380C-69FA-4A2A-97D7-739041A87C55}.Debug|Any CPU.ActiveCfg = Debug|Any CPU
		{3271380C-69FA-4A2A-97D7-739041A87C55}.Debug|Any CPU.Build.0 = Debug|Any CPU
		{3271380C-69FA-4A2A-97D7-739041A87C55}.Release|Any CPU.ActiveCfg = Release|Any CPU
		{3271380C-69FA-4A2A-97D7-739041A87C55}.Release|Any CPU.Build.0 = Release|Any CPU
	EndGlobalSection
	GlobalSection(SolutionProperties) = preSolution
		HideSolutionNode = FALSE
	EndGlobalSection
	GlobalSection(NestedProjects) = preSolution
		{5E2B2501-A9CD-4D39-823D-E20C5F360D59} = {C8A2EFBF-A4B5-45A8-A80E-E714763B28B0}
		{3271380C-69FA-4A2A-97D7-739041A87C55} = {C8A2EFBF-A4B5-45A8-A80E-E714763B28B0}
	EndGlobalSection
EndGlobal
